{
	"name": "bookbuddies",
	"lockfileVersion": 3,
	"requires": true,
	"packages": {
		"": {
			"name": "bookbuddies",
			"dependencies": {
				"app-root-path": "^3.1.0",
				"cli-progress": "^3.12.0",
				"colors": "^1.4.0",
				"hono": "^4.4.10",
				"jszip": "^3.10.1",
				"ora": "^8.0.1",
				"readline-sync": "^1.4.10"
			},
			"devDependencies": {
				"@types/bun": "latest",
				"@types/cli-progress": "^3.11.5",
				"@types/readline-sync": "^1.4.8",
				"eslint-config-prettier": "^9.1.0",
				"prettier": "^3.3.2"
			}
		},
		"node_modules/@eslint-community/eslint-utils": {
			"version": "4.4.0",
			"dev": true,
			"license": "MIT",
			"peer": true,
			"dependencies": {
				"eslint-visitor-keys": "^3.3.0"
			},
			"engines": {
				"node": "^12.22.0 || ^14.17.0 || >=16.0.0"
			},
			"peerDependencies": {
				"eslint": "^6.0.0 || ^7.0.0 || >=8.0.0"
			}
		},
		"node_modules/@eslint-community/eslint-utils/node_modules/eslint-visitor-keys": {
			"version": "3.4.3",
			"dev": true,
			"license": "Apache-2.0",
			"peer": true,
			"engines": {
				"node": "^12.22.0 || ^14.17.0 || >=16.0.0"
			},
			"funding": {
				"url": "https://opencollective.com/eslint"
			}
		},
		"node_modules/@eslint-community/regexpp": {
			"version": "4.11.0",
			"dev": true,
			"license": "MIT",
			"peer": true,
			"engines": {
				"node": "^12.0.0 || ^14.0.0 || >=16.0.0"
			}
		},
		"node_modules/@eslint/config-array": {
			"version": "0.17.1",
			"resolved": "https://registry.npmjs.org/@eslint/config-array/-/config-array-0.17.1.tgz",
			"integrity": "sha512-BlYOpej8AQ8Ev9xVqroV7a02JK3SkBAaN9GfMMH9W6Ch8FlQlkjGw4Ir7+FgYwfirivAf4t+GtzuAxqfukmISA==",
			"dev": true,
			"license": "Apache-2.0",
			"peer": true,
			"dependencies": {
				"@eslint/object-schema": "^2.1.4",
				"debug": "^4.3.1",
				"minimatch": "^3.1.2"
			},
			"engines": {
				"node": "^18.18.0 || ^20.9.0 || >=21.1.0"
			}
		},
		"node_modules/@eslint/eslintrc": {
			"version": "3.1.0",
			"dev": true,
			"license": "MIT",
			"peer": true,
			"dependencies": {
				"ajv": "^6.12.4",
				"debug": "^4.3.2",
				"espree": "^10.0.1",
				"globals": "^14.0.0",
				"ignore": "^5.2.0",
				"import-fresh": "^3.2.1",
				"js-yaml": "^4.1.0",
				"minimatch": "^3.1.2",
				"strip-json-comments": "^3.1.1"
			},
			"engines": {
				"node": "^18.18.0 || ^20.9.0 || >=21.1.0"
			},
			"funding": {
				"url": "https://opencollective.com/eslint"
			}
		},
		"node_modules/@eslint/js": {
			"version": "9.9.0",
			"resolved": "https://registry.npmjs.org/@eslint/js/-/js-9.9.0.tgz",
			"integrity": "sha512-hhetes6ZHP3BlXLxmd8K2SNgkhNSi+UcecbnwWKwpP7kyi/uC75DJ1lOOBO3xrC4jyojtGE3YxKZPHfk4yrgug==",
			"dev": true,
			"license": "MIT",
			"peer": true,
			"engines": {
				"node": "^18.18.0 || ^20.9.0 || >=21.1.0"
			}
		},
		"node_modules/@eslint/object-schema": {
			"version": "2.1.4",
			"resolved": "https://registry.npmjs.org/@eslint/object-schema/-/object-schema-2.1.4.tgz",
			"integrity": "sha512-BsWiH1yFGjXXS2yvrf5LyuoSIIbPrGUWob917o+BTKuZ7qJdxX8aJLRxs1fS9n6r7vESrq1OUqb68dANcFXuQQ==",
			"dev": true,
			"license": "Apache-2.0",
			"peer": true,
			"engines": {
				"node": "^18.18.0 || ^20.9.0 || >=21.1.0"
			}
		},
		"node_modules/@humanwhocodes/module-importer": {
			"version": "1.0.1",
			"dev": true,
			"license": "Apache-2.0",
			"peer": true,
			"engines": {
				"node": ">=12.22"
			},
			"funding": {
				"type": "github",
				"url": "https://github.com/sponsors/nzakas"
			}
		},
		"node_modules/@humanwhocodes/retry": {
			"version": "0.3.0",
			"dev": true,
			"license": "Apache-2.0",
			"peer": true,
			"engines": {
				"node": ">=18.18"
			},
			"funding": {
				"type": "github",
				"url": "https://github.com/sponsors/nzakas"
			}
		},
		"node_modules/@nodelib/fs.scandir": {
			"version": "2.1.5",
			"dev": true,
			"license": "MIT",
			"peer": true,
			"dependencies": {
				"@nodelib/fs.stat": "2.0.5",
				"run-parallel": "^1.1.9"
			},
			"engines": {
				"node": ">= 8"
			}
		},
		"node_modules/@nodelib/fs.stat": {
			"version": "2.0.5",
			"dev": true,
			"license": "MIT",
			"peer": true,
			"engines": {
				"node": ">= 8"
			}
		},
		"node_modules/@nodelib/fs.walk": {
			"version": "1.2.8",
			"dev": true,
			"license": "MIT",
			"peer": true,
			"dependencies": {
				"@nodelib/fs.scandir": "2.1.5",
				"fastq": "^1.6.0"
			},
			"engines": {
				"node": ">= 8"
			}
		},
		"node_modules/@types/bun": {
			"version": "1.1.6",
			"resolved": "https://registry.npmjs.org/@types/bun/-/bun-1.1.6.tgz",
			"integrity": "sha512-uJgKjTdX0GkWEHZzQzFsJkWp5+43ZS7HC8sZPFnOwnSo1AsNl2q9o2bFeS23disNDqbggEgyFkKCHl/w8iZsMA==",
			"dev": true,
			"dependencies": {
				"bun-types": "1.1.17"
			}
		},
		"node_modules/@types/cli-progress": {
			"version": "3.11.5",
			"resolved": "https://registry.npmjs.org/@types/cli-progress/-/cli-progress-3.11.5.tgz",
			"integrity": "sha512-D4PbNRbviKyppS5ivBGyFO29POlySLmA2HyUFE4p5QGazAMM3CwkKWcvTl8gvElSuxRh6FPKL8XmidX873ou4g==",
			"dev": true,
			"dependencies": {
				"@types/node": "*"
			}
		},
		"node_modules/@types/node": {
			"version": "20.12.14",
			"dev": true,
			"license": "MIT",
			"dependencies": {
				"undici-types": "~5.26.4"
			}
		},
		"node_modules/@types/readline-sync": {
			"version": "1.4.8",
			"resolved": "https://registry.npmjs.org/@types/readline-sync/-/readline-sync-1.4.8.tgz",
			"integrity": "sha512-BL7xOf0yKLA6baAX6MMOnYkoflUyj/c7y3pqMRfU0va7XlwHAOTOIo4x55P/qLfMsuaYdJJKubToLqRVmRtRZA==",
			"dev": true,
			"license": "MIT"
		},
		"node_modules/@types/ws": {
			"version": "8.5.10",
			"dev": true,
			"license": "MIT",
			"dependencies": {
				"@types/node": "*"
			}
		},
		"node_modules/acorn": {
			"version": "8.12.0",
			"dev": true,
			"license": "MIT",
			"peer": true,
			"bin": {
				"acorn": "bin/acorn"
			},
			"engines": {
				"node": ">=0.4.0"
			}
		},
		"node_modules/acorn-jsx": {
			"version": "5.3.2",
			"dev": true,
			"license": "MIT",
			"peer": true,
			"peerDependencies": {
				"acorn": "^6.0.0 || ^7.0.0 || ^8.0.0"
			}
		},
		"node_modules/ajv": {
			"version": "6.12.6",
			"dev": true,
			"license": "MIT",
			"peer": true,
			"dependencies": {
				"fast-deep-equal": "^3.1.1",
				"fast-json-stable-stringify": "^2.0.0",
				"json-schema-traverse": "^0.4.1",
				"uri-js": "^4.2.2"
			},
			"funding": {
				"type": "github",
				"url": "https://github.com/sponsors/epoberezkin"
			}
		},
		"node_modules/ansi-regex": {
			"version": "5.0.1",
			"license": "MIT",
			"engines": {
				"node": ">=8"
			}
		},
		"node_modules/ansi-styles": {
			"version": "4.3.0",
			"dev": true,
			"license": "MIT",
			"peer": true,
			"dependencies": {
				"color-convert": "^2.0.1"
			},
			"engines": {
				"node": ">=8"
			},
			"funding": {
				"url": "https://github.com/chalk/ansi-styles?sponsor=1"
			}
		},
		"node_modules/app-root-path": {
			"version": "3.1.0",
			"resolved": "https://registry.npmjs.org/app-root-path/-/app-root-path-3.1.0.tgz",
			"integrity": "sha512-biN3PwB2gUtjaYy/isrU3aNWI5w+fAfvHkSvCKeQGxhmYpwKFUxudR3Yya+KqVRHBmEDYh+/lTozYCFbmzX4nA==",
			"license": "MIT",
			"engines": {
				"node": ">= 6.0.0"
			}
		},
		"node_modules/argparse": {
			"version": "2.0.1",
			"dev": true,
			"license": "Python-2.0",
			"peer": true
		},
		"node_modules/balanced-match": {
			"version": "1.0.2",
			"dev": true,
			"license": "MIT",
			"peer": true
		},
		"node_modules/brace-expansion": {
			"version": "1.1.11",
			"dev": true,
			"license": "MIT",
			"peer": true,
			"dependencies": {
				"balanced-match": "^1.0.0",
				"concat-map": "0.0.1"
			}
		},
		"node_modules/bun-types": {
			"version": "1.1.17",
			"dev": true,
			"license": "MIT",
			"dependencies": {
				"@types/node": "~20.12.8",
				"@types/ws": "~8.5.10"
			}
		},
		"node_modules/callsites": {
			"version": "3.1.0",
			"dev": true,
			"license": "MIT",
			"peer": true,
			"engines": {
				"node": ">=6"
			}
		},
		"node_modules/chalk": {
			"version": "4.1.2",
			"dev": true,
			"license": "MIT",
			"peer": true,
			"dependencies": {
				"ansi-styles": "^4.1.0",
				"supports-color": "^7.1.0"
			},
			"engines": {
				"node": ">=10"
			},
			"funding": {
				"url": "https://github.com/chalk/chalk?sponsor=1"
			}
		},
		"node_modules/cli-cursor": {
			"version": "4.0.0",
			"license": "MIT",
			"dependencies": {
				"restore-cursor": "^4.0.0"
			},
			"engines": {
				"node": "^12.20.0 || ^14.13.1 || >=16.0.0"
			},
			"funding": {
				"url": "https://github.com/sponsors/sindresorhus"
			}
		},
		"node_modules/cli-progress": {
			"version": "3.12.0",
			"license": "MIT",
			"dependencies": {
				"string-width": "^4.2.3"
			},
			"engines": {
				"node": ">=4"
			}
		},
		"node_modules/cli-spinners": {
			"version": "2.9.2",
			"license": "MIT",
			"engines": {
				"node": ">=6"
			},
			"funding": {
				"url": "https://github.com/sponsors/sindresorhus"
			}
		},
		"node_modules/color-convert": {
			"version": "2.0.1",
			"dev": true,
			"license": "MIT",
			"peer": true,
			"dependencies": {
				"color-name": "~1.1.4"
			},
			"engines": {
				"node": ">=7.0.0"
			}
		},
		"node_modules/color-name": {
			"version": "1.1.4",
			"dev": true,
			"license": "MIT",
			"peer": true
		},
		"node_modules/colors": {
			"version": "1.4.0",
			"resolved": "https://registry.npmjs.org/colors/-/colors-1.4.0.tgz",
			"integrity": "sha512-a+UqTh4kgZg/SlGvfbzDHpgRu7AAQOmmqRHJnxhRZICKFUT91brVhNNt58CMWU9PsBbv3PDCZUHbVxuDiH2mtA==",
			"license": "MIT",
			"engines": {
				"node": ">=0.1.90"
			}
		},
		"node_modules/concat-map": {
			"version": "0.0.1",
			"dev": true,
			"license": "MIT",
			"peer": true
		},
		"node_modules/core-util-is": {
			"version": "1.0.3",
			"license": "MIT"
		},
		"node_modules/cross-spawn": {
			"version": "7.0.3",
			"dev": true,
			"license": "MIT",
			"peer": true,
			"dependencies": {
				"path-key": "^3.1.0",
				"shebang-command": "^2.0.0",
				"which": "^2.0.1"
			},
			"engines": {
				"node": ">= 8"
			}
		},
		"node_modules/debug": {
			"version": "4.3.5",
			"dev": true,
			"license": "MIT",
			"peer": true,
			"dependencies": {
				"ms": "2.1.2"
			},
			"engines": {
				"node": ">=6.0"
			},
			"peerDependenciesMeta": {
				"supports-color": {
					"optional": true
				}
			}
		},
		"node_modules/deep-is": {
			"version": "0.1.4",
			"dev": true,
			"license": "MIT",
			"peer": true
		},
		"node_modules/emoji-regex": {
			"version": "8.0.0",
			"license": "MIT"
		},
		"node_modules/escape-string-regexp": {
			"version": "4.0.0",
			"dev": true,
			"license": "MIT",
			"peer": true,
			"engines": {
				"node": ">=10"
			},
			"funding": {
				"url": "https://github.com/sponsors/sindresorhus"
			}
		},
		"node_modules/eslint": {
			"version": "9.9.0",
			"resolved": "https://registry.npmjs.org/eslint/-/eslint-9.9.0.tgz",
			"integrity": "sha512-JfiKJrbx0506OEerjK2Y1QlldtBxkAlLxT5OEcRF8uaQ86noDe2k31Vw9rnSWv+MXZHj7OOUV/dA0AhdLFcyvA==",
			"dev": true,
			"license": "MIT",
			"peer": true,
			"dependencies": {
				"@eslint-community/eslint-utils": "^4.2.0",
				"@eslint-community/regexpp": "^4.11.0",
				"@eslint/config-array": "^0.17.1",
				"@eslint/eslintrc": "^3.1.0",
				"@eslint/js": "9.9.0",
				"@humanwhocodes/module-importer": "^1.0.1",
				"@humanwhocodes/retry": "^0.3.0",
				"@nodelib/fs.walk": "^1.2.8",
				"ajv": "^6.12.4",
				"chalk": "^4.0.0",
				"cross-spawn": "^7.0.2",
				"debug": "^4.3.2",
				"escape-string-regexp": "^4.0.0",
				"eslint-scope": "^8.0.2",
				"eslint-visitor-keys": "^4.0.0",
				"espree": "^10.1.0",
				"esquery": "^1.5.0",
				"esutils": "^2.0.2",
				"fast-deep-equal": "^3.1.3",
				"file-entry-cache": "^8.0.0",
				"find-up": "^5.0.0",
				"glob-parent": "^6.0.2",
				"ignore": "^5.2.0",
				"imurmurhash": "^0.1.4",
				"is-glob": "^4.0.0",
				"is-path-inside": "^3.0.3",
				"json-stable-stringify-without-jsonify": "^1.0.1",
				"levn": "^0.4.1",
				"lodash.merge": "^4.6.2",
				"minimatch": "^3.1.2",
				"natural-compare": "^1.4.0",
				"optionator": "^0.9.3",
				"strip-ansi": "^6.0.1",
				"text-table": "^0.2.0"
			},
			"bin": {
				"eslint": "bin/eslint.js"
			},
			"engines": {
				"node": "^18.18.0 || ^20.9.0 || >=21.1.0"
			},
			"funding": {
				"url": "https://eslint.org/donate"
			},
			"peerDependencies": {
				"jiti": "*"
			},
			"peerDependenciesMeta": {
				"jiti": {
					"optional": true
				}
			}
		},
		"node_modules/eslint-config-prettier": {
			"version": "9.1.0",
			"dev": true,
			"license": "MIT",
			"bin": {
				"eslint-config-prettier": "bin/cli.js"
			},
			"peerDependencies": {
				"eslint": ">=7.0.0"
			}
		},
		"node_modules/eslint-scope": {
			"version": "8.0.2",
			"resolved": "https://registry.npmjs.org/eslint-scope/-/eslint-scope-8.0.2.tgz",
			"integrity": "sha512-6E4xmrTw5wtxnLA5wYL3WDfhZ/1bUBGOXV0zQvVRDOtrR8D0p6W7fs3JweNYhwRYeGvd/1CKX2se0/2s7Q/nJA==",
			"dev": true,
			"license": "BSD-2-Clause",
			"peer": true,
			"dependencies": {
				"esrecurse": "^4.3.0",
				"estraverse": "^5.2.0"
			},
			"engines": {
				"node": "^18.18.0 || ^20.9.0 || >=21.1.0"
			},
			"funding": {
				"url": "https://opencollective.com/eslint"
			}
		},
		"node_modules/eslint-visitor-keys": {
			"version": "4.0.0",
			"dev": true,
			"license": "Apache-2.0",
			"peer": true,
			"engines": {
				"node": "^18.18.0 || ^20.9.0 || >=21.1.0"
			},
			"funding": {
				"url": "https://opencollective.com/eslint"
			}
		},
		"node_modules/espree": {
			"version": "10.1.0",
			"dev": true,
			"license": "BSD-2-Clause",
			"peer": true,
			"dependencies": {
				"acorn": "^8.12.0",
				"acorn-jsx": "^5.3.2",
				"eslint-visitor-keys": "^4.0.0"
			},
			"engines": {
				"node": "^18.18.0 || ^20.9.0 || >=21.1.0"
			},
			"funding": {
				"url": "https://opencollective.com/eslint"
			}
		},
		"node_modules/esquery": {
			"version": "1.5.0",
			"dev": true,
			"license": "BSD-3-Clause",
			"peer": true,
			"dependencies": {
				"estraverse": "^5.1.0"
			},
			"engines": {
				"node": ">=0.10"
			}
		},
		"node_modules/esrecurse": {
			"version": "4.3.0",
			"resolved": "https://registry.npmjs.org/esrecurse/-/esrecurse-4.3.0.tgz",
			"integrity": "sha512-KmfKL3b6G+RXvP8N1vr3Tq1kL/oCFgn2NYXEtqP8/L3pKapUA4G8cFVaoF3SU323CD4XypR/ffioHmkti6/Tag==",
			"dev": true,
			"license": "BSD-2-Clause",
			"peer": true,
			"dependencies": {
				"estraverse": "^5.2.0"
			},
			"engines": {
				"node": ">=4.0"
			}
		},
		"node_modules/estraverse": {
			"version": "5.3.0",
			"dev": true,
			"license": "BSD-2-Clause",
			"peer": true,
			"engines": {
				"node": ">=4.0"
			}
		},
		"node_modules/esutils": {
			"version": "2.0.3",
			"dev": true,
			"license": "BSD-2-Clause",
			"peer": true,
			"engines": {
				"node": ">=0.10.0"
			}
		},
		"node_modules/fast-deep-equal": {
			"version": "3.1.3",
			"dev": true,
			"license": "MIT",
			"peer": true
		},
		"node_modules/fast-json-stable-stringify": {
			"version": "2.1.0",
			"dev": true,
			"license": "MIT",
			"peer": true
		},
		"node_modules/fast-levenshtein": {
			"version": "2.0.6",
			"dev": true,
			"license": "MIT",
			"peer": true
		},
		"node_modules/fastq": {
			"version": "1.17.1",
			"dev": true,
			"license": "ISC",
			"peer": true,
			"dependencies": {
				"reusify": "^1.0.4"
			}
		},
		"node_modules/file-entry-cache": {
			"version": "8.0.0",
			"dev": true,
			"license": "MIT",
			"peer": true,
			"dependencies": {
				"flat-cache": "^4.0.0"
			},
			"engines": {
				"node": ">=16.0.0"
			}
		},
		"node_modules/find-up": {
			"version": "5.0.0",
			"dev": true,
			"license": "MIT",
			"peer": true,
			"dependencies": {
				"locate-path": "^6.0.0",
				"path-exists": "^4.0.0"
			},
			"engines": {
				"node": ">=10"
			},
			"funding": {
				"url": "https://github.com/sponsors/sindresorhus"
			}
		},
		"node_modules/flat-cache": {
			"version": "4.0.1",
			"dev": true,
			"license": "MIT",
			"peer": true,
			"dependencies": {
				"flatted": "^3.2.9",
				"keyv": "^4.5.4"
			},
			"engines": {
				"node": ">=16"
			}
		},
		"node_modules/flatted": {
			"version": "3.3.1",
			"dev": true,
			"license": "ISC",
			"peer": true
		},
		"node_modules/get-east-asian-width": {
			"version": "1.2.0",
			"license": "MIT",
			"engines": {
				"node": ">=18"
			},
			"funding": {
				"url": "https://github.com/sponsors/sindresorhus"
			}
		},
		"node_modules/glob-parent": {
			"version": "6.0.2",
			"dev": true,
			"license": "ISC",
			"peer": true,
			"dependencies": {
				"is-glob": "^4.0.3"
			},
			"engines": {
				"node": ">=10.13.0"
			}
		},
		"node_modules/globals": {
			"version": "14.0.0",
			"dev": true,
			"license": "MIT",
			"peer": true,
			"engines": {
				"node": ">=18"
			},
			"funding": {
				"url": "https://github.com/sponsors/sindresorhus"
			}
		},
		"node_modules/has-flag": {
			"version": "4.0.0",
			"dev": true,
			"license": "MIT",
			"peer": true,
			"engines": {
				"node": ">=8"
			}
		},
		"node_modules/hono": {
			"version": "4.4.10",
			"resolved": "https://registry.npmjs.org/hono/-/hono-4.4.10.tgz",
			"integrity": "sha512-z6918u9rXRU5CCisMHd2uUVoQXcNyUrUMmYY7VH10v4HJG7+hqgMK/G8YNTd13C6s4rBfzF09iz8VpOip9qG3A==",
			"engines": {
				"node": ">=16.0.0"
			}
		},
		"node_modules/ignore": {
			"version": "5.3.1",
			"dev": true,
			"license": "MIT",
			"peer": true,
			"engines": {
				"node": ">= 4"
			}
		},
		"node_modules/immediate": {
			"version": "3.0.6",
			"license": "MIT"
		},
		"node_modules/import-fresh": {
			"version": "3.3.0",
			"dev": true,
			"license": "MIT",
			"peer": true,
			"dependencies": {
				"parent-module": "^1.0.0",
				"resolve-from": "^4.0.0"
			},
			"engines": {
				"node": ">=6"
			},
			"funding": {
				"url": "https://github.com/sponsors/sindresorhus"
			}
		},
		"node_modules/imurmurhash": {
			"version": "0.1.4",
			"dev": true,
			"license": "MIT",
			"peer": true,
			"engines": {
				"node": ">=0.8.19"
			}
		},
		"node_modules/inherits": {
			"version": "2.0.4",
			"license": "ISC"
		},
		"node_modules/is-extglob": {
			"version": "2.1.1",
			"dev": true,
			"license": "MIT",
			"peer": true,
			"engines": {
				"node": ">=0.10.0"
			}
		},
		"node_modules/is-fullwidth-code-point": {
			"version": "3.0.0",
			"license": "MIT",
			"engines": {
				"node": ">=8"
			}
		},
		"node_modules/is-glob": {
			"version": "4.0.3",
			"dev": true,
			"license": "MIT",
			"peer": true,
			"dependencies": {
				"is-extglob": "^2.1.1"
			},
			"engines": {
				"node": ">=0.10.0"
			}
		},
		"node_modules/is-interactive": {
			"version": "2.0.0",
			"license": "MIT",
			"engines": {
				"node": ">=12"
			},
			"funding": {
				"url": "https://github.com/sponsors/sindresorhus"
			}
		},
		"node_modules/is-path-inside": {
			"version": "3.0.3",
			"dev": true,
			"license": "MIT",
			"peer": true,
			"engines": {
				"node": ">=8"
			}
		},
		"node_modules/is-unicode-supported": {
			"version": "2.0.0",
			"license": "MIT",
			"engines": {
				"node": ">=18"
			},
			"funding": {
				"url": "https://github.com/sponsors/sindresorhus"
			}
		},
		"node_modules/isarray": {
			"version": "1.0.0",
			"license": "MIT"
		},
		"node_modules/isexe": {
			"version": "2.0.0",
			"dev": true,
			"license": "ISC",
			"peer": true
		},
		"node_modules/js-yaml": {
			"version": "4.1.0",
			"dev": true,
			"license": "MIT",
			"peer": true,
			"dependencies": {
				"argparse": "^2.0.1"
			},
			"bin": {
				"js-yaml": "bin/js-yaml.js"
			}
		},
		"node_modules/json-buffer": {
			"version": "3.0.1",
			"dev": true,
			"license": "MIT",
			"peer": true
		},
		"node_modules/json-schema-traverse": {
			"version": "0.4.1",
			"dev": true,
			"license": "MIT",
			"peer": true
		},
		"node_modules/json-stable-stringify-without-jsonify": {
			"version": "1.0.1",
			"dev": true,
			"license": "MIT",
			"peer": true
		},
		"node_modules/jszip": {
			"version": "3.10.1",
			"license": "(MIT OR GPL-3.0-or-later)",
			"dependencies": {
				"lie": "~3.3.0",
				"pako": "~1.0.2",
				"readable-stream": "~2.3.6",
				"setimmediate": "^1.0.5"
			}
		},
		"node_modules/keyv": {
			"version": "4.5.4",
			"dev": true,
			"license": "MIT",
			"peer": true,
			"dependencies": {
				"json-buffer": "3.0.1"
			}
		},
		"node_modules/levn": {
			"version": "0.4.1",
			"dev": true,
			"license": "MIT",
			"peer": true,
			"dependencies": {
				"prelude-ls": "^1.2.1",
				"type-check": "~0.4.0"
			},
			"engines": {
				"node": ">= 0.8.0"
			}
		},
		"node_modules/lie": {
			"version": "3.3.0",
			"license": "MIT",
			"dependencies": {
				"immediate": "~3.0.5"
			}
		},
		"node_modules/locate-path": {
			"version": "6.0.0",
			"dev": true,
			"license": "MIT",
			"peer": true,
			"dependencies": {
				"p-locate": "^5.0.0"
			},
			"engines": {
				"node": ">=10"
			},
			"funding": {
				"url": "https://github.com/sponsors/sindresorhus"
			}
		},
		"node_modules/lodash.merge": {
			"version": "4.6.2",
			"dev": true,
			"license": "MIT",
			"peer": true
		},
		"node_modules/log-symbols": {
			"version": "6.0.0",
			"license": "MIT",
			"dependencies": {
				"chalk": "^5.3.0",
				"is-unicode-supported": "^1.3.0"
			},
			"engines": {
				"node": ">=18"
			},
			"funding": {
				"url": "https://github.com/sponsors/sindresorhus"
			}
		},
		"node_modules/log-symbols/node_modules/chalk": {
			"version": "5.3.0",
			"license": "MIT",
			"engines": {
				"node": "^12.17.0 || ^14.13 || >=16.0.0"
			},
			"funding": {
				"url": "https://github.com/chalk/chalk?sponsor=1"
			}
		},
		"node_modules/log-symbols/node_modules/is-unicode-supported": {
			"version": "1.3.0",
			"license": "MIT",
			"engines": {
				"node": ">=12"
			},
			"funding": {
				"url": "https://github.com/sponsors/sindresorhus"
			}
		},
		"node_modules/mimic-fn": {
			"version": "2.1.0",
			"license": "MIT",
			"engines": {
				"node": ">=6"
			}
		},
		"node_modules/minimatch": {
			"version": "3.1.2",
			"dev": true,
			"license": "ISC",
			"peer": true,
			"dependencies": {
				"brace-expansion": "^1.1.7"
			},
			"engines": {
				"node": "*"
			}
		},
		"node_modules/ms": {
			"version": "2.1.2",
			"dev": true,
			"license": "MIT",
			"peer": true
		},
		"node_modules/natural-compare": {
			"version": "1.4.0",
			"dev": true,
			"license": "MIT",
			"peer": true
		},
		"node_modules/onetime": {
			"version": "5.1.2",
			"license": "MIT",
			"dependencies": {
				"mimic-fn": "^2.1.0"
			},
			"engines": {
				"node": ">=6"
			},
			"funding": {
				"url": "https://github.com/sponsors/sindresorhus"
			}
		},
		"node_modules/optionator": {
			"version": "0.9.4",
			"dev": true,
			"license": "MIT",
			"peer": true,
			"dependencies": {
				"deep-is": "^0.1.3",
				"fast-levenshtein": "^2.0.6",
				"levn": "^0.4.1",
				"prelude-ls": "^1.2.1",
				"type-check": "^0.4.0",
				"word-wrap": "^1.2.5"
			},
			"engines": {
				"node": ">= 0.8.0"
			}
		},
		"node_modules/ora": {
			"version": "8.0.1",
			"license": "MIT",
			"dependencies": {
				"chalk": "^5.3.0",
				"cli-cursor": "^4.0.0",
				"cli-spinners": "^2.9.2",
				"is-interactive": "^2.0.0",
				"is-unicode-supported": "^2.0.0",
				"log-symbols": "^6.0.0",
				"stdin-discarder": "^0.2.1",
				"string-width": "^7.0.0",
				"strip-ansi": "^7.1.0"
			},
			"engines": {
				"node": ">=18"
			},
			"funding": {
				"url": "https://github.com/sponsors/sindresorhus"
			}
		},
		"node_modules/ora/node_modules/chalk": {
			"version": "5.3.0",
			"license": "MIT",
			"engines": {
				"node": "^12.17.0 || ^14.13 || >=16.0.0"
			},
			"funding": {
				"url": "https://github.com/chalk/chalk?sponsor=1"
			}
		},
		"node_modules/ora/node_modules/string-width": {
			"version": "7.1.0",
			"license": "MIT",
			"dependencies": {
				"emoji-regex": "^10.3.0",
				"get-east-asian-width": "^1.0.0",
				"strip-ansi": "^7.1.0"
			},
			"engines": {
				"node": ">=18"
			},
			"funding": {
				"url": "https://github.com/sponsors/sindresorhus"
			}
		},
		"node_modules/ora/node_modules/string-width/node_modules/emoji-regex": {
			"version": "10.3.0",
			"license": "MIT"
		},
		"node_modules/ora/node_modules/strip-ansi": {
			"version": "7.1.0",
			"license": "MIT",
			"dependencies": {
				"ansi-regex": "^6.0.1"
			},
			"engines": {
				"node": ">=12"
			},
			"funding": {
				"url": "https://github.com/chalk/strip-ansi?sponsor=1"
			}
		},
		"node_modules/ora/node_modules/strip-ansi/node_modules/ansi-regex": {
			"version": "6.0.1",
			"license": "MIT",
			"engines": {
				"node": ">=12"
			},
			"funding": {
				"url": "https://github.com/chalk/ansi-regex?sponsor=1"
			}
		},
		"node_modules/p-limit": {
			"version": "3.1.0",
			"dev": true,
			"license": "MIT",
			"peer": true,
			"dependencies": {
				"yocto-queue": "^0.1.0"
			},
			"engines": {
				"node": ">=10"
			},
			"funding": {
				"url": "https://github.com/sponsors/sindresorhus"
			}
		},
		"node_modules/p-locate": {
			"version": "5.0.0",
			"dev": true,
			"license": "MIT",
			"peer": true,
			"dependencies": {
				"p-limit": "^3.0.2"
			},
			"engines": {
				"node": ">=10"
			},
			"funding": {
				"url": "https://github.com/sponsors/sindresorhus"
			}
		},
		"node_modules/pako": {
			"version": "1.0.11",
			"license": "(MIT AND Zlib)"
		},
		"node_modules/parent-module": {
			"version": "1.0.1",
			"dev": true,
			"license": "MIT",
			"peer": true,
			"dependencies": {
				"callsites": "^3.0.0"
			},
			"engines": {
				"node": ">=6"
			}
		},
		"node_modules/path-exists": {
			"version": "4.0.0",
			"dev": true,
			"license": "MIT",
			"peer": true,
			"engines": {
				"node": ">=8"
			}
		},
		"node_modules/path-key": {
			"version": "3.1.1",
			"dev": true,
			"license": "MIT",
			"peer": true,
			"engines": {
				"node": ">=8"
			}
		},
		"node_modules/prelude-ls": {
			"version": "1.2.1",
			"dev": true,
			"license": "MIT",
			"peer": true,
			"engines": {
				"node": ">= 0.8.0"
			}
		},
		"node_modules/prettier": {
			"version": "3.3.2",
			"dev": true,
			"license": "MIT",
			"bin": {
				"prettier": "bin/prettier.cjs"
			},
			"engines": {
				"node": ">=14"
			},
			"funding": {
				"url": "https://github.com/prettier/prettier?sponsor=1"
			}
		},
		"node_modules/process-nextick-args": {
			"version": "2.0.1",
			"license": "MIT"
		},
		"node_modules/punycode": {
			"version": "2.3.1",
			"dev": true,
			"license": "MIT",
			"peer": true,
			"engines": {
				"node": ">=6"
			}
		},
		"node_modules/queue-microtask": {
			"version": "1.2.3",
			"dev": true,
			"funding": [
				{
					"type": "github",
					"url": "https://github.com/sponsors/feross"
				},
				{
					"type": "patreon",
					"url": "https://www.patreon.com/feross"
				},
				{
					"type": "consulting",
					"url": "https://feross.org/support"
				}
			],
			"license": "MIT",
			"peer": true
		},
		"node_modules/readable-stream": {
			"version": "2.3.8",
			"license": "MIT",
			"dependencies": {
				"core-util-is": "~1.0.0",
				"inherits": "~2.0.3",
				"isarray": "~1.0.0",
				"process-nextick-args": "~2.0.0",
				"safe-buffer": "~5.1.1",
				"string_decoder": "~1.1.1",
				"util-deprecate": "~1.0.1"
			}
		},
		"node_modules/readline-sync": {
			"version": "1.4.10",
			"resolved": "https://registry.npmjs.org/readline-sync/-/readline-sync-1.4.10.tgz",
			"integrity": "sha512-gNva8/6UAe8QYepIQH/jQ2qn91Qj0B9sYjMBBs3QOB8F2CXcKgLxQaJRP76sWVRQt+QU+8fAkCbCvjjMFu7Ycw==",
			"license": "MIT",
			"engines": {
				"node": ">= 0.8.0"
			}
		},
		"node_modules/resolve-from": {
			"version": "4.0.0",
			"dev": true,
			"license": "MIT",
			"peer": true,
			"engines": {
				"node": ">=4"
			}
		},
		"node_modules/restore-cursor": {
			"version": "4.0.0",
			"license": "MIT",
			"dependencies": {
				"onetime": "^5.1.0",
				"signal-exit": "^3.0.2"
			},
			"engines": {
				"node": "^12.20.0 || ^14.13.1 || >=16.0.0"
			},
			"funding": {
				"url": "https://github.com/sponsors/sindresorhus"
			}
		},
		"node_modules/reusify": {
			"version": "1.0.4",
			"dev": true,
			"license": "MIT",
			"peer": true,
			"engines": {
				"iojs": ">=1.0.0",
				"node": ">=0.10.0"
			}
		},
		"node_modules/run-parallel": {
			"version": "1.2.0",
			"dev": true,
			"funding": [
				{
					"type": "github",
					"url": "https://github.com/sponsors/feross"
				},
				{
					"type": "patreon",
					"url": "https://www.patreon.com/feross"
				},
				{
					"type": "consulting",
					"url": "https://feross.org/support"
				}
			],
			"license": "MIT",
			"peer": true,
			"dependencies": {
				"queue-microtask": "^1.2.2"
			}
		},
		"node_modules/safe-buffer": {
			"version": "5.1.2",
			"license": "MIT"
		},
		"node_modules/setimmediate": {
			"version": "1.0.5",
			"license": "MIT"
		},
		"node_modules/shebang-command": {
			"version": "2.0.0",
			"dev": true,
			"license": "MIT",
			"peer": true,
			"dependencies": {
				"shebang-regex": "^3.0.0"
			},
			"engines": {
				"node": ">=8"
			}
		},
		"node_modules/shebang-regex": {
			"version": "3.0.0",
			"dev": true,
			"license": "MIT",
			"peer": true,
			"engines": {
				"node": ">=8"
			}
		},
		"node_modules/signal-exit": {
			"version": "3.0.7",
			"license": "ISC"
		},
		"node_modules/stdin-discarder": {
			"version": "0.2.2",
			"license": "MIT",
			"engines": {
				"node": ">=18"
			},
			"funding": {
				"url": "https://github.com/sponsors/sindresorhus"
			}
		},
		"node_modules/string_decoder": {
			"version": "1.1.1",
			"license": "MIT",
			"dependencies": {
				"safe-buffer": "~5.1.0"
			}
		},
		"node_modules/string-width": {
			"version": "4.2.3",
			"license": "MIT",
			"dependencies": {
				"emoji-regex": "^8.0.0",
				"is-fullwidth-code-point": "^3.0.0",
				"strip-ansi": "^6.0.1"
			},
			"engines": {
				"node": ">=8"
			}
		},
		"node_modules/strip-ansi": {
			"version": "6.0.1",
			"license": "MIT",
			"dependencies": {
				"ansi-regex": "^5.0.1"
			},
			"engines": {
				"node": ">=8"
			}
		},
		"node_modules/strip-json-comments": {
			"version": "3.1.1",
			"dev": true,
			"license": "MIT",
			"peer": true,
			"engines": {
				"node": ">=8"
			},
			"funding": {
				"url": "https://github.com/sponsors/sindresorhus"
			}
		},
		"node_modules/supports-color": {
			"version": "7.2.0",
			"dev": true,
			"license": "MIT",
			"peer": true,
			"dependencies": {
				"has-flag": "^4.0.0"
			},
			"engines": {
				"node": ">=8"
			}
		},
		"node_modules/text-table": {
			"version": "0.2.0",
			"dev": true,
			"license": "MIT",
			"peer": true
		},
		"node_modules/type-check": {
			"version": "0.4.0",
			"dev": true,
			"license": "MIT",
			"peer": true,
			"dependencies": {
				"prelude-ls": "^1.2.1"
			},
			"engines": {
				"node": ">= 0.8.0"
			}
		},
		"node_modules/undici-types": {
			"version": "5.26.5",
			"dev": true,
			"license": "MIT"
		},
		"node_modules/uri-js": {
			"version": "4.4.1",
			"dev": true,
			"license": "BSD-2-Clause",
			"peer": true,
			"dependencies": {
				"punycode": "^2.1.0"
			}
		},
		"node_modules/util-deprecate": {
			"version": "1.0.2",
			"license": "MIT"
		},
		"node_modules/which": {
			"version": "2.0.2",
			"dev": true,
			"license": "ISC",
			"peer": true,
			"dependencies": {
				"isexe": "^2.0.0"
			},
			"bin": {
				"node-which": "bin/node-which"
			},
			"engines": {
				"node": ">= 8"
			}
		},
		"node_modules/word-wrap": {
			"version": "1.2.5",
			"dev": true,
			"license": "MIT",
			"peer": true,
			"engines": {
				"node": ">=0.10.0"
			}
		},
		"node_modules/yocto-queue": {
			"version": "0.1.0",
			"dev": true,
			"license": "MIT",
			"peer": true,
			"engines": {
				"node": ">=10"
			},
			"funding": {
				"url": "https://github.com/sponsors/sindresorhus"
			}
		}
	}
}
